
Microsoft Visual Studio Solution File, Format Version 12.00
# Visual Studio Version 17
VisualStudioVersion = 17.11.35303.130
MinimumVisualStudioVersion = 10.0.40219.1
Project("{FAE04EC0-301F-11D3-BF4B-00C04F79EFBC}") = "Dice_roll", "Dice_roll\Dice_roll.csproj", "{0F3AFFF7-9855-4901-89DF-CC19E22F723B}"
EndProject
Global
	GlobalSection(SolutionConfigurationPlatforms) = preSolution
		Debug|Any CPU = Debug|Any CPU
		Release|Any CPU = Release|Any CPU
	EndGlobalSection
	GlobalSection(ProjectConfigurationPlatforms) = postSolution
		{0F3AFFF7-9855-4901-89DF-CC19E22F723B}.Debug|Any CPU.ActiveCfg = Debug|Any CPU
		{0F3AFFF7-9855-4901-89DF-CC19E22F723B}.Debug|Any CPU.Build.0 = Debug|Any CPU
		{0F3AFFF7-9855-4901-89DF-CC19E22F723B}.Release|Any CPU.ActiveCfg = Release|Any CPU
		{0F3AFFF7-9855-4901-89DF-CC19E22F723B}.Release|Any CPU.Build.0 = Release|Any CPU
	EndGlobalSection
	GlobalSection(SolutionProperties) = preSolution
		HideSolutionNode = FALSE
	EndGlobalSection
	GlobalSection(ExtensibilityGlobals) = postSolution
		SolutionGuid = {B8BF0799-05EE-46B8-8D01-66E0446DA68A}
	EndGlobalSection
EndGlobal
